
Microsoft Visual Studio Solution File, Format Version 12.00
# Visual Studio Version 17
VisualStudioVersion = 17.9.34622.214
MinimumVisualStudioVersion = 10.0.40219.1
Project("{9A19103F-16F7-4668-BE54-9A1E7A4F7556}") = "ChangeTrackerOwnedEntitiesReproducible", "ChangeTrackerOwnedEntitiesReproducible\ChangeTrackerOwnedEntitiesReproducible.csproj", "{A472D1C3-FB94-48BD-8105-D34E30D642B0}"
EndProject
Project("{E53339B2-1760-4266-BCC7-CA923CBCF16C}") = "docker-compose", "docker-compose.dcproj", "{D629B533-A40E-4126-9ED6-3CF36255F13D}"
EndProject
Global
	GlobalSection(SolutionConfigurationPlatforms) = preSolution
		Debug|Any CPU = Debug|Any CPU
		Release|Any CPU = Release|Any CPU
	EndGlobalSection
	GlobalSection(ProjectConfigurationPlatforms) = postSolution
		{A472D1C3-FB94-48BD-8105-D34E30D642B0}.Debug|Any CPU.ActiveCfg = Debug|Any CPU
		{A472D1C3-FB94-48BD-8105-D34E30D642B0}.Debug|Any CPU.Build.0 = Debug|Any CPU
		{A472D1C3-FB94-48BD-8105-D34E30D642B0}.Release|Any CPU.ActiveCfg = Release|Any CPU
		{A472D1C3-FB94-48BD-8105-D34E30D642B0}.Release|Any CPU.Build.0 = Release|Any CPU
		{D629B533-A40E-4126-9ED6-3CF36255F13D}.Debug|Any CPU.ActiveCfg = Debug|Any CPU
		{D629B533-A40E-4126-9ED6-3CF36255F13D}.Debug|Any CPU.Build.0 = Debug|Any CPU
		{D629B533-A40E-4126-9ED6-3CF36255F13D}.Release|Any CPU.ActiveCfg = Release|Any CPU
		{D629B533-A40E-4126-9ED6-3CF36255F13D}.Release|Any CPU.Build.0 = Release|Any CPU
	EndGlobalSection
	GlobalSection(SolutionProperties) = preSolution
		HideSolutionNode = FALSE
	EndGlobalSection
EndGlobal
